<Solution>
  <Project Path="DecrementOperators/DecrementOperators.csproj" />
  <Project Path="IncrementOperators/IncrementOperators.csproj" />
  <Project Path="LogicaltOperators/LogicaltOperators.csproj" />
  <Project Path="RelationalOperators/RelationalOperators.csproj" />
  <Project Path="StringExample1/StringExample1.csproj" />
  <Project Path="StringExample2/StringExample2.csproj" />
  <Project Path="SubString/SubString.csproj" />
</Solution>
